
Microsoft Visual Studio Solution File, Format Version 12.00
# Visual Studio Version 17
VisualStudioVersion = 17.0.33829.163
MinimumVisualStudioVersion = 10.0.40219.1
Project("{FAE04EC0-301F-11D3-BF4B-00C04F79EFBC}") = "OfficeLibraryManagementSystem", "OfficeLibraryManagementSystem\OfficeLibraryManagementSystem.csproj", "{D9BE4674-62FC-4168-9D74-6DB4A15582FF}"
EndProject
Global
	GlobalSection(SolutionConfigurationPlatforms) = preSolution
		Debug|Any CPU = Debug|Any CPU
		Release|Any CPU = Release|Any CPU
	EndGlobalSection
	GlobalSection(ProjectConfigurationPlatforms) = postSolution
		{D9BE4674-62FC-4168-9D74-6DB4A15582FF}.Debug|Any CPU.ActiveCfg = Debug|Any CPU
		{D9BE4674-62FC-4168-9D74-6DB4A15582FF}.Debug|Any CPU.Build.0 = Debug|Any CPU
		{D9BE4674-62FC-4168-9D74-6DB4A15582FF}.Release|Any CPU.ActiveCfg = Release|Any CPU
		{D9BE4674-62FC-4168-9D74-6DB4A15582FF}.Release|Any CPU.Build.0 = Release|Any CPU
	EndGlobalSection
	GlobalSection(SolutionProperties) = preSolution
		HideSolutionNode = FALSE
	EndGlobalSection
	GlobalSection(ExtensibilityGlobals) = postSolution
		SolutionGuid = {DD48332D-E9AC-4665-9800-1C3D550D52E6}
	EndGlobalSection
EndGlobal
